
Microsoft Visual Studio Solution File, Format Version 12.00
# Visual Studio 2012
Project("{FAE04EC0-301F-11D3-BF4B-00C04F79EFBC}") = "at yarışı_01", "at yarışı_01\at yarışı_01.csproj", "{49682C5C-2B08-444C-ABD0-FC49E5389393}"
EndProject
Global
	GlobalSection(SolutionConfigurationPlatforms) = preSolution
		Debug|Any CPU = Debug|Any CPU
		Release|Any CPU = Release|Any CPU
	EndGlobalSection
	GlobalSection(ProjectConfigurationPlatforms) = postSolution
		{49682C5C-2B08-444C-ABD0-FC49E5389393}.Debug|Any CPU.ActiveCfg = Debug|Any CPU
		{49682C5C-2B08-444C-ABD0-FC49E5389393}.Debug|Any CPU.Build.0 = Debug|Any CPU
		{49682C5C-2B08-444C-ABD0-FC49E5389393}.Release|Any CPU.ActiveCfg = Release|Any CPU
		{49682C5C-2B08-444C-ABD0-FC49E5389393}.Release|Any CPU.Build.0 = Release|Any CPU
	EndGlobalSection
	GlobalSection(SolutionProperties) = preSolution
		HideSolutionNode = FALSE
	EndGlobalSection
EndGlobal
